
Microsoft Visual Studio Solution File, Format Version 12.00
# Visual Studio 15
VisualStudioVersion = 15.0.27004.2005
MinimumVisualStudioVersion = 10.0.40219.1
Project("{FAE04EC0-301F-11D3-BF4B-00C04F79EFBC}") = "Airport", "Airport\Airport.csproj", "{AF96CC77-C79A-4936-BF68-86DDDAA76175}"
EndProject
Global
	GlobalSection(SolutionConfigurationPlatforms) = preSolution
		Debug|Any CPU = Debug|Any CPU
		Release|Any CPU = Release|Any CPU
	EndGlobalSection
	GlobalSection(ProjectConfigurationPlatforms) = postSolution
		{AF96CC77-C79A-4936-BF68-86DDDAA76175}.Debug|Any CPU.ActiveCfg = Debug|Any CPU
		{AF96CC77-C79A-4936-BF68-86DDDAA76175}.Debug|Any CPU.Build.0 = Debug|Any CPU
		{AF96CC77-C79A-4936-BF68-86DDDAA76175}.Release|Any CPU.ActiveCfg = Release|Any CPU
		{AF96CC77-C79A-4936-BF68-86DDDAA76175}.Release|Any CPU.Build.0 = Release|Any CPU
	EndGlobalSection
	GlobalSection(SolutionProperties) = preSolution
		HideSolutionNode = FALSE
	EndGlobalSection
	GlobalSection(ExtensibilityGlobals) = postSolution
		SolutionGuid = {2645DC6D-1265-48F2-AC73-96C5CCAB982F}
	EndGlobalSection
EndGlobal
